
Microsoft Visual Studio Solution File, Format Version 12.00
# Visual Studio Version 16
VisualStudioVersion = 16.0.33328.57
MinimumVisualStudioVersion = 10.0.40219.1
Project("{FAE04EC0-301F-11D3-BF4B-00C04F79EFBC}") = "Tickets", "Tickets\Tickets.csproj", "{86D5B5AA-9D4B-4C8F-8F13-600AE9357C02}"
EndProject
Global
	GlobalSection(SolutionConfigurationPlatforms) = preSolution
		Debug|Any CPU = Debug|Any CPU
		Release|Any CPU = Release|Any CPU
	EndGlobalSection
	GlobalSection(ProjectConfigurationPlatforms) = postSolution
		{86D5B5AA-9D4B-4C8F-8F13-600AE9357C02}.Debug|Any CPU.ActiveCfg = Debug|Any CPU
		{86D5B5AA-9D4B-4C8F-8F13-600AE9357C02}.Debug|Any CPU.Build.0 = Debug|Any CPU
		{86D5B5AA-9D4B-4C8F-8F13-600AE9357C02}.Release|Any CPU.ActiveCfg = Release|Any CPU
		{86D5B5AA-9D4B-4C8F-8F13-600AE9357C02}.Release|Any CPU.Build.0 = Release|Any CPU
	EndGlobalSection
	GlobalSection(SolutionProperties) = preSolution
		HideSolutionNode = FALSE
	EndGlobalSection
	GlobalSection(ExtensibilityGlobals) = postSolution
		SolutionGuid = {11B3EF35-CE76-4885-9188-DCF0B4C73C3D}
	EndGlobalSection
EndGlobal
